# THIS IS AN AUTOGENERATED FILE. DO NOT EDIT THIS FILE DIRECTLY.
# yarn lockfile v1


ajv@^6.1.1:
  version "6.1.1"
  resolved "https://registry.yarnpkg.com/ajv/-/ajv-6.1.1.tgz#978d597fbc2b7d0e5a5c3ddeb149a682f2abfa0e"
  dependencies:
    fast-deep-equal "^1.0.0"
    fast-json-stable-stringify "^2.0.0"
    json-schema-traverse "^0.3.0"

fast-deep-equal@^1.0.0:
  version "1.0.0"
  resolved "https://registry.yarnpkg.com/fast-deep-equal/-/fast-deep-equal-1.0.0.tgz#96256a3bc975595eb36d82e9929d060d893439ff"

fast-json-stable-stringify@^2.0.0:
  version "2.0.0"
  resolved "https://registry.yarnpkg.com/fast-json-stable-stringify/-/fast-json-stable-stringify-2.0.0.tgz#d5142c0caee6b1189f87d3a76111064f86c8bbf2"

json-schema-traverse@^0.3.0:
  version "0.3.1"
  resolved "https://registry.yarnpkg.com/json-schema-traverse/-/json-schema-traverse-0.3.1.tgz#349a6d44c53a51de89b40805c5d5e59b417d3340"

openapi3-ts@^0.7.0:
  version "0.7.0"
  resolved "https://registry.yarnpkg.com/openapi3-ts/-/openapi3-ts-0.7.0.tgz#8b181c5bdd4988e319faf0f82c3e0beba6c61029"
